
Microsoft Visual Studio Solution File, Format Version 12.00
# Visual Studio Version 16
VisualStudioVersion = 16.0.29326.143
MinimumVisualStudioVersion = 10.0.40219.1
Project("{FAE04EC0-301F-11D3-BF4B-00C04F79EFBC}") = "LedstripController", "LedstripController\LedstripController.csproj", "{8267E9B9-4D88-4CD4-AD03-BE96245EAC38}"
EndProject
Project("{2150E333-8FDC-42A3-9474-1A3956D46DE8}") = "WPF", "WPF", "{872D6710-F22C-41F9-B37B-EC30DAFFC6E9}"
EndProject
Project("{2150E333-8FDC-42A3-9474-1A3956D46DE8}") = "Arduino", "Arduino", "{6A978EA7-E543-4243-AD87-77DF69F6F831}"
	ProjectSection(SolutionItems) = preProject
		Arduino\serialcontrolstrip.ino = Arduino\serialcontrolstrip.ino
	EndProjectSection
EndProject
Global
	GlobalSection(SolutionConfigurationPlatforms) = preSolution
		Debug|Any CPU = Debug|Any CPU
		Release|Any CPU = Release|Any CPU
	EndGlobalSection
	GlobalSection(ProjectConfigurationPlatforms) = postSolution
		{8267E9B9-4D88-4CD4-AD03-BE96245EAC38}.Debug|Any CPU.ActiveCfg = Debug|Any CPU
		{8267E9B9-4D88-4CD4-AD03-BE96245EAC38}.Debug|Any CPU.Build.0 = Debug|Any CPU
		{8267E9B9-4D88-4CD4-AD03-BE96245EAC38}.Release|Any CPU.ActiveCfg = Release|Any CPU
		{8267E9B9-4D88-4CD4-AD03-BE96245EAC38}.Release|Any CPU.Build.0 = Release|Any CPU
	EndGlobalSection
	GlobalSection(SolutionProperties) = preSolution
		HideSolutionNode = FALSE
	EndGlobalSection
	GlobalSection(NestedProjects) = preSolution
		{8267E9B9-4D88-4CD4-AD03-BE96245EAC38} = {872D6710-F22C-41F9-B37B-EC30DAFFC6E9}
	EndGlobalSection
	GlobalSection(ExtensibilityGlobals) = postSolution
		SolutionGuid = {C7B56573-58FC-486D-A756-4267835A8CFE}
	EndGlobalSection
EndGlobal
